
Microsoft Visual Studio Solution File, Format Version 12.00
# Visual Studio Version 17
VisualStudioVersion = 17.3.32922.545
MinimumVisualStudioVersion = 10.0.40219.1
Project("{FAE04EC0-301F-11D3-BF4B-00C04F79EFBC}") = "BlumGolv", "BlumGolv\BlumGolv.csproj", "{03FA3853-9FAF-438A-AE58-B22F66C313BB}"
EndProject
Global
	GlobalSection(SolutionConfigurationPlatforms) = preSolution
		Debug|Any CPU = Debug|Any CPU
		Release|Any CPU = Release|Any CPU
	EndGlobalSection
	GlobalSection(ProjectConfigurationPlatforms) = postSolution
		{03FA3853-9FAF-438A-AE58-B22F66C313BB}.Debug|Any CPU.ActiveCfg = Debug|Any CPU
		{03FA3853-9FAF-438A-AE58-B22F66C313BB}.Debug|Any CPU.Build.0 = Debug|Any CPU
		{03FA3853-9FAF-438A-AE58-B22F66C313BB}.Release|Any CPU.ActiveCfg = Release|Any CPU
		{03FA3853-9FAF-438A-AE58-B22F66C313BB}.Release|Any CPU.Build.0 = Release|Any CPU
	EndGlobalSection
	GlobalSection(SolutionProperties) = preSolution
		HideSolutionNode = FALSE
	EndGlobalSection
	GlobalSection(ExtensibilityGlobals) = postSolution
		SolutionGuid = {1921D99D-2CF2-48D4-A3EB-43232A953211}
	EndGlobalSection
EndGlobal
